
Microsoft Visual Studio Solution File, Format Version 12.00
# Visual Studio Version 17
VisualStudioVersion = 17.0.31903.59
MinimumVisualStudioVersion = 10.0.40219.1
Project("{2150E333-8FDC-42A3-9474-1A3956D46DE8}") = "src", "src", "{827E0CD3-B72D-47B6-A68D-7590B98EB39B}"
EndProject
Project("{FAE04EC0-301F-11D3-BF4B-00C04F79EFBC}") = "Vargshala.Domain", "src\Vargshala.Domain\Vargshala.Domain.csproj", "{051241A5-4DA3-4AC8-BA6D-BB640A679887}"
EndProject
Project("{FAE04EC0-301F-11D3-BF4B-00C04F79EFBC}") = "Vargshala.Contracts", "src\Vargshala.Contracts\Vargshala.Contracts.csproj", "{9A9D12F6-8C7B-4DC5-B157-08B42F42359C}"
EndProject
Project("{FAE04EC0-301F-11D3-BF4B-00C04F79EFBC}") = "Vargshala.Application", "src\Vargshala.Application\Vargshala.Application.csproj", "{5EC6C266-260D-4BCA-AC02-C0340D806D97}"
EndProject
Project("{FAE04EC0-301F-11D3-BF4B-00C04F79EFBC}") = "Vargshala.Infrastructure", "src\Vargshala.Infrastructure\Vargshala.Infrastructure.csproj", "{26359BF7-1D3D-4F30-B1CC-1C375A8E49E4}"
EndProject
Project("{FAE04EC0-301F-11D3-BF4B-00C04F79EFBC}") = "Vargshala.API", "src\Vargshala.API\Vargshala.API.csproj", "{AA98E771-9DB7-48A9-934A-2F717E74DBED}"
EndProject
Project("{FAE04EC0-301F-11D3-BF4B-00C04F79EFBC}") = "Vargshala.Web", "src\Vargshala.Web\Vargshala.Web.csproj", "{19303620-F5A3-40D0-A7A8-3BC529ACACC0}"
EndProject
Project("{2150E333-8FDC-42A3-9474-1A3956D46DE8}") = "tests", "tests", "{0AB3BF05-4346-4AA6-1389-037BE0695223}"
EndProject
Project("{FAE04EC0-301F-11D3-BF4B-00C04F79EFBC}") = "Vargshala.UnitTests", "tests\Vargshala.UnitTests\Vargshala.UnitTests.csproj", "{8AD4ACF7-8B7D-45CD-A014-821E3B67446E}"
EndProject
Project("{FAE04EC0-301F-11D3-BF4B-00C04F79EFBC}") = "Vargshala.IntegrationTests", "tests\Vargshala.IntegrationTests\Vargshala.IntegrationTests.csproj", "{E9A6ABFF-256D-4ACB-81FF-175AA5D1B1F9}"
EndProject
Global
	GlobalSection(SolutionConfigurationPlatforms) = preSolution
		Debug|Any CPU = Debug|Any CPU
		Debug|x64 = Debug|x64
		Debug|x86 = Debug|x86
		Release|Any CPU = Release|Any CPU
		Release|x64 = Release|x64
		Release|x86 = Release|x86
	EndGlobalSection
	GlobalSection(ProjectConfigurationPlatforms) = postSolution
		{051241A5-4DA3-4AC8-BA6D-BB640A679887}.Debug|Any CPU.ActiveCfg = Debug|Any CPU
		{051241A5-4DA3-4AC8-BA6D-BB640A679887}.Debug|Any CPU.Build.0 = Debug|Any CPU
		{051241A5-4DA3-4AC8-BA6D-BB640A679887}.Debug|x64.ActiveCfg = Debug|Any CPU
		{051241A5-4DA3-4AC8-BA6D-BB640A679887}.Debug|x64.Build.0 = Debug|Any CPU
		{051241A5-4DA3-4AC8-BA6D-BB640A679887}.Debug|x86.ActiveCfg = Debug|Any CPU
		{051241A5-4DA3-4AC8-BA6D-BB640A679887}.Debug|x86.Build.0 = Debug|Any CPU
		{051241A5-4DA3-4AC8-BA6D-BB640A679887}.Release|Any CPU.ActiveCfg = Release|Any CPU
		{051241A5-4DA3-4AC8-BA6D-BB640A679887}.Release|Any CPU.Build.0 = Release|Any CPU
		{051241A5-4DA3-4AC8-BA6D-BB640A679887}.Release|x64.ActiveCfg = Release|Any CPU
		{051241A5-4DA3-4AC8-BA6D-BB640A679887}.Release|x64.Build.0 = Release|Any CPU
		{051241A5-4DA3-4AC8-BA6D-BB640A679887}.Release|x86.ActiveCfg = Release|Any CPU
		{051241A5-4DA3-4AC8-BA6D-BB640A679887}.Release|x86.Build.0 = Release|Any CPU
		{9A9D12F6-8C7B-4DC5-B157-08B42F42359C}.Debug|Any CPU.ActiveCfg = Debug|Any CPU
		{9A9D12F6-8C7B-4DC5-B157-08B42F42359C}.Debug|Any CPU.Build.0 = Debug|Any CPU
		{9A9D12F6-8C7B-4DC5-B157-08B42F42359C}.Debug|x64.ActiveCfg = Debug|Any CPU
		{9A9D12F6-8C7B-4DC5-B157-08B42F42359C}.Debug|x64.Build.0 = Debug|Any CPU
		{9A9D12F6-8C7B-4DC5-B157-08B42F42359C}.Debug|x86.ActiveCfg = Debug|Any CPU
		{9A9D12F6-8C7B-4DC5-B157-08B42F42359C}.Debug|x86.Build.0 = Debug|Any CPU
		{9A9D12F6-8C7B-4DC5-B157-08B42F42359C}.Release|Any CPU.ActiveCfg = Release|Any CPU
		{9A9D12F6-8C7B-4DC5-B157-08B42F42359C}.Release|Any CPU.Build.0 = Release|Any CPU
		{9A9D12F6-8C7B-4DC5-B157-08B42F42359C}.Release|x64.ActiveCfg = Release|Any CPU
		{9A9D12F6-8C7B-4DC5-B157-08B42F42359C}.Release|x64.Build.0 = Release|Any CPU
		{9A9D12F6-8C7B-4DC5-B157-08B42F42359C}.Release|x86.ActiveCfg = Release|Any CPU
		{9A9D12F6-8C7B-4DC5-B157-08B42F42359C}.Release|x86.Build.0 = Release|Any CPU
		{5EC6C266-260D-4BCA-AC02-C0340D806D97}.Debug|Any CPU.ActiveCfg = Debug|Any CPU
		{5EC6C266-260D-4BCA-AC02-C0340D806D97}.Debug|Any CPU.Build.0 = Debug|Any CPU
		{5EC6C266-260D-4BCA-AC02-C0340D806D97}.Debug|x64.ActiveCfg = Debug|Any CPU
		{5EC6C266-260D-4BCA-AC02-C0340D806D97}.Debug|x64.Build.0 = Debug|Any CPU
		{5EC6C266-260D-4BCA-AC02-C0340D806D97}.Debug|x86.ActiveCfg = Debug|Any CPU
		{5EC6C266-260D-4BCA-AC02-C0340D806D97}.Debug|x86.Build.0 = Debug|Any CPU
		{5EC6C266-260D-4BCA-AC02-C0340D806D97}.Release|Any CPU.ActiveCfg = Release|Any CPU
		{5EC6C266-260D-4BCA-AC02-C0340D806D97}.Release|Any CPU.Build.0 = Release|Any CPU
		{5EC6C266-260D-4BCA-AC02-C0340D806D97}.Release|x64.ActiveCfg = Release|Any CPU
		{5EC6C266-260D-4BCA-AC02-C0340D806D97}.Release|x64.Build.0 = Release|Any CPU
		{5EC6C266-260D-4BCA-AC02-C0340D806D97}.Release|x86.ActiveCfg = Release|Any CPU
		{5EC6C266-260D-4BCA-AC02-C0340D806D97}.Release|x86.Build.0 = Release|Any CPU
		{26359BF7-1D3D-4F30-B1CC-1C375A8E49E4}.Debug|Any CPU.ActiveCfg = Debug|Any CPU
		{26359BF7-1D3D-4F30-B1CC-1C375A8E49E4}.Debug|Any CPU.Build.0 = Debug|Any CPU
		{26359BF7-1D3D-4F30-B1CC-1C375A8E49E4}.Debug|x64.ActiveCfg = Debug|Any CPU
		{26359BF7-1D3D-4F30-B1CC-1C375A8E49E4}.Debug|x64.Build.0 = Debug|Any CPU
		{26359BF7-1D3D-4F30-B1CC-1C375A8E49E4}.Debug|x86.ActiveCfg = Debug|Any CPU
		{26359BF7-1D3D-4F30-B1CC-1C375A8E49E4}.Debug|x86.Build.0 = Debug|Any CPU
		{26359BF7-1D3D-4F30-B1CC-1C375A8E49E4}.Release|Any CPU.ActiveCfg = Release|Any CPU
		{26359BF7-1D3D-4F30-B1CC-1C375A8E49E4}.Release|Any CPU.Build.0 = Release|Any CPU
		{26359BF7-1D3D-4F30-B1CC-1C375A8E49E4}.Release|x64.ActiveCfg = Release|Any CPU
		{26359BF7-1D3D-4F30-B1CC-1C375A8E49E4}.Release|x64.Build.0 = Release|Any CPU
		{26359BF7-1D3D-4F30-B1CC-1C375A8E49E4}.Release|x86.ActiveCfg = Release|Any CPU
		{26359BF7-1D3D-4F30-B1CC-1C375A8E49E4}.Release|x86.Build.0 = Release|Any CPU
		{AA98E771-9DB7-48A9-934A-2F717E74DBED}.Debug|Any CPU.ActiveCfg = Debug|Any CPU
		{AA98E771-9DB7-48A9-934A-2F717E74DBED}.Debug|Any CPU.Build.0 = Debug|Any CPU
		{AA98E771-9DB7-48A9-934A-2F717E74DBED}.Debug|x64.ActiveCfg = Debug|Any CPU
		{AA98E771-9DB7-48A9-934A-2F717E74DBED}.Debug|x64.Build.0 = Debug|Any CPU
		{AA98E771-9DB7-48A9-934A-2F717E74DBED}.Debug|x86.ActiveCfg = Debug|Any CPU
		{AA98E771-9DB7-48A9-934A-2F717E74DBED}.Debug|x86.Build.0 = Debug|Any CPU
		{AA98E771-9DB7-48A9-934A-2F717E74DBED}.Release|Any CPU.ActiveCfg = Release|Any CPU
		{AA98E771-9DB7-48A9-934A-2F717E74DBED}.Release|Any CPU.Build.0 = Release|Any CPU
		{AA98E771-9DB7-48A9-934A-2F717E74DBED}.Release|x64.ActiveCfg = Release|Any CPU
		{AA98E771-9DB7-48A9-934A-2F717E74DBED}.Release|x64.Build.0 = Release|Any CPU
		{AA98E771-9DB7-48A9-934A-2F717E74DBED}.Release|x86.ActiveCfg = Release|Any CPU
		{AA98E771-9DB7-48A9-934A-2F717E74DBED}.Release|x86.Build.0 = Release|Any CPU
		{19303620-F5A3-40D0-A7A8-3BC529ACACC0}.Debug|Any CPU.ActiveCfg = Debug|Any CPU
		{19303620-F5A3-40D0-A7A8-3BC529ACACC0}.Debug|Any CPU.Build.0 = Debug|Any CPU
		{19303620-F5A3-40D0-A7A8-3BC529ACACC0}.Debug|x64.ActiveCfg = Debug|Any CPU
		{19303620-F5A3-40D0-A7A8-3BC529ACACC0}.Debug|x64.Build.0 = Debug|Any CPU
		{19303620-F5A3-40D0-A7A8-3BC529ACACC0}.Debug|x86.ActiveCfg = Debug|Any CPU
		{19303620-F5A3-40D0-A7A8-3BC529ACACC0}.Debug|x86.Build.0 = Debug|Any CPU
		{19303620-F5A3-40D0-A7A8-3BC529ACACC0}.Release|Any CPU.ActiveCfg = Release|Any CPU
		{19303620-F5A3-40D0-A7A8-3BC529ACACC0}.Release|Any CPU.Build.0 = Release|Any CPU
		{19303620-F5A3-40D0-A7A8-3BC529ACACC0}.Release|x64.ActiveCfg = Release|Any CPU
		{19303620-F5A3-40D0-A7A8-3BC529ACACC0}.Release|x64.Build.0 = Release|Any CPU
		{19303620-F5A3-40D0-A7A8-3BC529ACACC0}.Release|x86.ActiveCfg = Release|Any CPU
		{19303620-F5A3-40D0-A7A8-3BC529ACACC0}.Release|x86.Build.0 = Release|Any CPU
		{8AD4ACF7-8B7D-45CD-A014-821E3B67446E}.Debug|Any CPU.ActiveCfg = Debug|Any CPU
		{8AD4ACF7-8B7D-45CD-A014-821E3B67446E}.Debug|Any CPU.Build.0 = Debug|Any CPU
		{8AD4ACF7-8B7D-45CD-A014-821E3B67446E}.Debug|x64.ActiveCfg = Debug|Any CPU
		{8AD4ACF7-8B7D-45CD-A014-821E3B67446E}.Debug|x64.Build.0 = Debug|Any CPU
		{8AD4ACF7-8B7D-45CD-A014-821E3B67446E}.Debug|x86.ActiveCfg = Debug|Any CPU
		{8AD4ACF7-8B7D-45CD-A014-821E3B67446E}.Debug|x86.Build.0 = Debug|Any CPU
		{8AD4ACF7-8B7D-45CD-A014-821E3B67446E}.Release|Any CPU.ActiveCfg = Release|Any CPU
		{8AD4ACF7-8B7D-45CD-A014-821E3B67446E}.Release|Any CPU.Build.0 = Release|Any CPU
		{8AD4ACF7-8B7D-45CD-A014-821E3B67446E}.Release|x64.ActiveCfg = Release|Any CPU
		{8AD4ACF7-8B7D-45CD-A014-821E3B67446E}.Release|x64.Build.0 = Release|Any CPU
		{8AD4ACF7-8B7D-45CD-A014-821E3B67446E}.Release|x86.ActiveCfg = Release|Any CPU
		{8AD4ACF7-8B7D-45CD-A014-821E3B67446E}.Release|x86.Build.0 = Release|Any CPU
		{E9A6ABFF-256D-4ACB-81FF-175AA5D1B1F9}.Debug|Any CPU.ActiveCfg = Debug|Any CPU
		{E9A6ABFF-256D-4ACB-81FF-175AA5D1B1F9}.Debug|Any CPU.Build.0 = Debug|Any CPU
		{E9A6ABFF-256D-4ACB-81FF-175AA5D1B1F9}.Debug|x64.ActiveCfg = Debug|Any CPU
		{E9A6ABFF-256D-4ACB-81FF-175AA5D1B1F9}.Debug|x64.Build.0 = Debug|Any CPU
		{E9A6ABFF-256D-4ACB-81FF-175AA5D1B1F9}.Debug|x86.ActiveCfg = Debug|Any CPU
		{E9A6ABFF-256D-4ACB-81FF-175AA5D1B1F9}.Debug|x86.Build.0 = Debug|Any CPU
		{E9A6ABFF-256D-4ACB-81FF-175AA5D1B1F9}.Release|Any CPU.ActiveCfg = Release|Any CPU
		{E9A6ABFF-256D-4ACB-81FF-175AA5D1B1F9}.Release|Any CPU.Build.0 = Release|Any CPU
		{E9A6ABFF-256D-4ACB-81FF-175AA5D1B1F9}.Release|x64.ActiveCfg = Release|Any CPU
		{E9A6ABFF-256D-4ACB-81FF-175AA5D1B1F9}.Release|x64.Build.0 = Release|Any CPU
		{E9A6ABFF-256D-4ACB-81FF-175AA5D1B1F9}.Release|x86.ActiveCfg = Release|Any CPU
		{E9A6ABFF-256D-4ACB-81FF-175AA5D1B1F9}.Release|x86.Build.0 = Release|Any CPU
	EndGlobalSection
	GlobalSection(SolutionProperties) = preSolution
		HideSolutionNode = FALSE
	EndGlobalSection
	GlobalSection(NestedProjects) = preSolution
		{051241A5-4DA3-4AC8-BA6D-BB640A679887} = {827E0CD3-B72D-47B6-A68D-7590B98EB39B}
		{9A9D12F6-8C7B-4DC5-B157-08B42F42359C} = {827E0CD3-B72D-47B6-A68D-7590B98EB39B}
		{5EC6C266-260D-4BCA-AC02-C0340D806D97} = {827E0CD3-B72D-47B6-A68D-7590B98EB39B}
		{26359BF7-1D3D-4F30-B1CC-1C375A8E49E4} = {827E0CD3-B72D-47B6-A68D-7590B98EB39B}
		{AA98E771-9DB7-48A9-934A-2F717E74DBED} = {827E0CD3-B72D-47B6-A68D-7590B98EB39B}
		{19303620-F5A3-40D0-A7A8-3BC529ACACC0} = {827E0CD3-B72D-47B6-A68D-7590B98EB39B}
		{8AD4ACF7-8B7D-45CD-A014-821E3B67446E} = {0AB3BF05-4346-4AA6-1389-037BE0695223}
		{E9A6ABFF-256D-4ACB-81FF-175AA5D1B1F9} = {0AB3BF05-4346-4AA6-1389-037BE0695223}
	EndGlobalSection
EndGlobal
